// !$*UTF8*$!
{
	archiveVersion = 1;
	classes = {
	};
	objectVersion = 46;
	objects = {

/* Begin PBXBuildFile section */
		991B27A319E5CA640011EE52 /* Foundation.framework in Frameworks */ = {isa = PBXBuildFile; fileRef = 991B27A219E5CA640011EE52 /* Foundation.framework */; };
		991B27A519E5CA640011EE52 /* CoreGraphics.framework in Frameworks */ = {isa = PBXBuildFile; fileRef = 991B27A419E5CA640011EE52 /* CoreGraphics.framework */; };
		991B27A719E5CA640011EE52 /* UIKit.framework in Frameworks */ = {isa = PBXBuildFile; fileRef = 991B27A619E5CA640011EE52 /* UIKit.framework */; };
		991B27AD19E5CA640011EE52 /* InfoPlist.strings in Resources */ = {isa = PBXBuildFile; fileRef = 991B27AB19E5CA640011EE52 /* InfoPlist.strings */; };
		991B27AF19E5CA640011EE52 /* main.m in Sources */ = {isa = PBXBuildFile; fileRef = 991B27AE19E5CA640011EE52 /* main.m */; };
		991B27B319E5CA640011EE52 /* UBAAppDelegate.m in Sources */ = {isa = PBXBuildFile; fileRef = 991B27B219E5CA640011EE52 /* UBAAppDelegate.m */; };
		991B27B619E5CA640011EE52 /* Main.storyboard in Resources */ = {isa = PBXBuildFile; fileRef = 991B27B419E5CA640011EE52 /* Main.storyboard */; };
		991B27B919E5CA640011EE52 /* UBAFirstViewController.m in Sources */ = {isa = PBXBuildFile; fileRef = 991B27B819E5CA640011EE52 /* UBAFirstViewController.m */; };
		991B27BC19E5CA640011EE52 /* UBASecondViewController.m in Sources */ = {isa = PBXBuildFile; fileRef = 991B27BB19E5CA640011EE52 /* UBASecondViewController.m */; };
		991B27BE19E5CA640011EE52 /* Images.xcassets in Resources */ = {isa = PBXBuildFile; fileRef = 991B27BD19E5CA640011EE52 /* Images.xcassets */; };
		991B27C519E5CA640011EE52 /* XCTest.framework in Frameworks */ = {isa = PBXBuildFile; fileRef = 991B27C419E5CA640011EE52 /* XCTest.framework */; };
		991B27C619E5CA640011EE52 /* Foundation.framework in Frameworks */ = {isa = PBXBuildFile; fileRef = 991B27A219E5CA640011EE52 /* Foundation.framework */; };
		991B27C719E5CA640011EE52 /* UIKit.framework in Frameworks */ = {isa = PBXBuildFile; fileRef = 991B27A619E5CA640011EE52 /* UIKit.framework */; };
		991B27CF19E5CA640011EE52 /* InfoPlist.strings in Resources */ = {isa = PBXBuildFile; fileRef = 991B27CD19E5CA640011EE52 /* InfoPlist.strings */; };
		991B27D119E5CA640011EE52 /* MatchedUpTests.m in Sources */ = {isa = PBXBuildFile; fileRef = 991B27D019E5CA640011EE52 /* MatchedUpTests.m */; };
/* End PBXBuildFile section */

/* Begin PBXContainerItemProxy section */
		991B27C819E5CA640011EE52 /* PBXContainerItemProxy */ = {
			isa = PBXContainerItemProxy;
			containerPortal = 991B279719E5CA640011EE52 /* Project object */;
			proxyType = 1;
			remoteGlobalIDString = 991B279E19E5CA640011EE52;
			remoteInfo = MatchedUp;
		};
/* End PBXContainerItemProxy section */

/* Begin PBXFileReference section */
		991B279F19E5CA640011EE52 /* MatchedUp.app */ = {isa = PBXFileReference; explicitFileType = wrapper.application; includeInIndex = 0; path = MatchedUp.app; sourceTree = BUILT_PRODUCTS_DIR; };
		991B27A219E5CA640011EE52 /* Foundation.framework */ = {isa = PBXFileReference; lastKnownFileType = wrapper.framework; name = Foundation.framework; path = System/Library/Frameworks/Foundation.framework; sourceTree = SDKROOT; };
		991B27A419E5CA640011EE52 /* CoreGraphics.framework */ = {isa = PBXFileReference; lastKnownFileType = wrapper.framework; name = CoreGraphics.framework; path = System/Library/Frameworks/CoreGraphics.framework; sourceTree = SDKROOT; };
		991B27A619E5CA640011EE52 /* UIKit.framework */ = {isa = PBXFileReference; lastKnownFileType = wrapper.framework; name = UIKit.framework; path = System/Library/Frameworks/UIKit.framework; sourceTree = SDKROOT; };
		991B27AA19E5CA640011EE52 /* MatchedUp-Info.plist */ = {isa = PBXFileReference; lastKnownFileType = text.plist.xml; path = "MatchedUp-Info.plist"; sourceTree = "<group>"; };
		991B27AC19E5CA640011EE52 /* en */ = {isa = PBXFileReference; lastKnownFileType = text.plist.strings; name = en; path = en.lproj/InfoPlist.strings; sourceTree = "<group>"; };
		991B27AE19E5CA640011EE52 /* main.m */ = {isa = PBXFileReference; lastKnownFileType = sourcecode.c.objc; path = main.m; sourceTree = "<group>"; };
		991B27B019E5CA640011EE52 /* MatchedUp-Prefix.pch */ = {isa = PBXFileReference; lastKnownFileType = sourcecode.c.h; path = "MatchedUp-Prefix.pch"; sourceTree = "<group>"; };
		991B27B119E5CA640011EE52 /* UBAAppDelegate.h */ = {isa = PBXFileReference; lastKnownFileType = sourcecode.c.h; path = UBAAppDelegate.h; sourceTree = "<group>"; };
		991B27B219E5CA640011EE52 /* UBAAppDelegate.m */ = {isa = PBXFileReference; lastKnownFileType = sourcecode.c.objc; path = UBAAppDelegate.m; sourceTree = "<group>"; };
		991B27B519E5CA640011EE52 /* Base */ = {isa = PBXFileReference; lastKnownFileType = file.storyboard; name = Base; path = Base.lproj/Main.storyboard; sourceTree = "<group>"; };
		991B27B719E5CA640011EE52 /* UBAFirstViewController.h */ = {isa = PBXFileReference; lastKnownFileType = sourcecode.c.h; path = UBAFirstViewController.h; sourceTree = "<group>"; };
		991B27B819E5CA640011EE52 /* UBAFirstViewController.m */ = {isa = PBXFileReference; lastKnownFileType = sourcecode.c.objc; path = UBAFirstViewController.m; sourceTree = "<group>"; };
		991B27BA19E5CA640011EE52 /* UBASecondViewController.h */ = {isa = PBXFileReference; lastKnownFileType = sourcecode.c.h; path = UBASecondViewController.h; sourceTree = "<group>"; };
		991B27BB19E5CA640011EE52 /* UBASecondViewController.m */ = {isa = PBXFileReference; lastKnownFileType = sourcecode.c.objc; path = UBASecondViewController.m; sourceTree = "<group>"; };
		991B27BD19E5CA640011EE52 /* Images.xcassets */ = {isa = PBXFileReference; lastKnownFileType = folder.assetcatalog; path = Images.xcassets; sourceTree = "<group>"; };
		991B27C319E5CA640011EE52 /* MatchedUpTests.xctest */ = {isa = PBXFileReference; explicitFileType = wrapper.cfbundle; includeInIndex = 0; path = MatchedUpTests.xctest; sourceTree = BUILT_PRODUCTS_DIR; };
		991B27C419E5CA640011EE52 /* XCTest.framework */ = {isa = PBXFileReference; lastKnownFileType = wrapper.framework; name = XCTest.framework; path = Library/Frameworks/XCTest.framework; sourceTree = DEVELOPER_DIR; };
		991B27CC19E5CA640011EE52 /* MatchedUpTests-Info.plist */ = {isa = PBXFileReference; lastKnownFileType = text.plist.xml; path = "MatchedUpTests-Info.plist"; sourceTree = "<group>"; };
		991B27CE19E5CA640011EE52 /* en */ = {isa = PBXFileReference; lastKnownFileType = text.plist.strings; name = en; path = en.lproj/InfoPlist.strings; sourceTree = "<group>"; };
		991B27D019E5CA640011EE52 /* MatchedUpTests.m */ = {isa = PBXFileReference; lastKnownFileType = sourcecode.c.objc; path = MatchedUpTests.m; sourceTree = "<group>"; };
/* End PBXFileReference section */

/* Begin PBXFrameworksBuildPhase section */
		991B279C19E5CA640011EE52 /* Frameworks */ = {
			isa = PBXFrameworksBuildPhase;
			buildActionMask = 2147483647;
			files = (
				991B27A519E5CA640011EE52 /* CoreGraphics.framework in Frameworks */,
				991B27A719E5CA640011EE52 /* UIKit.framework in Frameworks */,
				991B27A319E5CA640011EE52 /* Foundation.framework in Frameworks */,
			);
			runOnlyForDeploymentPostprocessing = 0;
		};
		991B27C019E5CA640011EE52 /* Frameworks */ = {
			isa = PBXFrameworksBuildPhase;
			buildActionMask = 2147483647;
			files = (
				991B27C519E5CA640011EE52 /* XCTest.framework in Frameworks */,
				991B27C719E5CA640011EE52 /* UIKit.framework in Frameworks */,
				991B27C619E5CA640011EE52 /* Foundation.framework in Frameworks */,
			);
			runOnlyForDeploymentPostprocessing = 0;
		};
/* End PBXFrameworksBuildPhase section */

/* Begin PBXGroup section */
		991B279619E5CA640011EE52 = {
			isa = PBXGroup;
			children = (
				991B27A819E5CA640011EE52 /* MatchedUp */,
				991B27CA19E5CA640011EE52 /* MatchedUpTests */,
				991B27A119E5CA640011EE52 /* Frameworks */,
				991B27A019E5CA640011EE52 /* Products */,
			);
			sourceTree = "<group>";
		};
		991B27A019E5CA640011EE52 /* Products */ = {
			isa = PBXGroup;
			children = (
				991B279F19E5CA640011EE52 /* MatchedUp.app */,
				991B27C319E5CA640011EE52 /* MatchedUpTests.xctest */,
			);
			name = Products;
			sourceTree = "<group>";
		};
		991B27A119E5CA640011EE52 /* Frameworks */ = {
			isa = PBXGroup;
			children = (
				991B27A219E5CA640011EE52 /* Foundation.framework */,
				991B27A419E5CA640011EE52 /* CoreGraphics.framework */,
				991B27A619E5CA640011EE52 /* UIKit.framework */,
				991B27C419E5CA640011EE52 /* XCTest.framework */,
			);
			name = Frameworks;
			sourceTree = "<group>";
		};
		991B27A819E5CA640011EE52 /* MatchedUp */ = {
			isa = PBXGroup;
			children = (
				991B27B119E5CA640011EE52 /* UBAAppDelegate.h */,
				991B27B219E5CA640011EE52 /* UBAAppDelegate.m */,
				991B27B419E5CA640011EE52 /* Main.storyboard */,
				991B27B719E5CA640011EE52 /* UBAFirstViewController.h */,
				991B27B819E5CA640011EE52 /* UBAFirstViewController.m */,
				991B27BA19E5CA640011EE52 /* UBASecondViewController.h */,
				991B27BB19E5CA640011EE52 /* UBASecondViewController.m */,
				991B27BD19E5CA640011EE52 /* Images.xcassets */,
				991B27A919E5CA640011EE52 /* Supporting Files */,
			);
			path = MatchedUp;
			sourceTree = "<group>";
		};
		991B27A919E5CA640011EE52 /* Supporting Files */ = {
			isa = PBXGroup;
			children = (
				991B27AA19E5CA640011EE52 /* MatchedUp-Info.plist */,
				991B27AB19E5CA640011EE52 /* InfoPlist.strings */,
				991B27AE19E5CA640011EE52 /* main.m */,
				991B27B019E5CA640011EE52 /* MatchedUp-Prefix.pch */,
			);
			name = "Supporting Files";
			sourceTree = "<group>";
		};
		991B27CA19E5CA640011EE52 /* MatchedUpTests */ = {
			isa = PBXGroup;
			children = (
				991B27D019E5CA640011EE52 /* MatchedUpTests.m */,
				991B27CB19E5CA640011EE52 /* Supporting Files */,
			);
			path = MatchedUpTests;
			sourceTree = "<group>";
		};
		991B27CB19E5CA640011EE52 /* Supporting Files */ = {
			isa = PBXGroup;
			children = (
				991B27CC19E5CA640011EE52 /* MatchedUpTests-Info.plist */,
				991B27CD19E5CA640011EE52 /* InfoPlist.strings */,
			);
			name = "Supporting Files";
			sourceTree = "<group>";
		};
/* End PBXGroup section */

/* Begin PBXNativeTarget section */
		991B279E19E5CA640011EE52 /* MatchedUp */ = {
			isa = PBXNativeTarget;
			buildConfigurationList = 991B27D419E5CA640011EE52 /* Build configuration list for PBXNativeTarget "MatchedUp" */;
			buildPhases = (
				991B279B19E5CA640011EE52 /* Sources */,
				991B279C19E5CA640011EE52 /* Frameworks */,
				991B279D19E5CA640011EE52 /* Resources */,
			);
			buildRules = (
			);
			dependencies = (
			);
			name = MatchedUp;
			productName = MatchedUp;
			productReference = 991B279F19E5CA640011EE52 /* MatchedUp.app */;
			productType = "com.apple.product-type.application";
		};
		991B27C219E5CA640011EE52 /* MatchedUpTests */ = {
			isa = PBXNativeTarget;
			buildConfigurationList = 991B27D719E5CA640011EE52 /* Build configuration list for PBXNativeTarget "MatchedUpTests" */;
			buildPhases = (
				991B27BF19E5CA640011EE52 /* Sources */,
				991B27C019E5CA640011EE52 /* Frameworks */,
				991B27C119E5CA640011EE52 /* Resources */,
			);
			buildRules = (
			);
			dependencies = (
				991B27C919E5CA640011EE52 /* PBXTargetDependency */,
			);
			name = MatchedUpTests;
			productName = MatchedUpTests;
			productReference = 991B27C319E5CA640011EE52 /* MatchedUpTests.xctest */;
			productType = "com.apple.product-type.bundle.unit-test";
		};
/* End PBXNativeTarget section */

/* Begin PBXProject section */
		991B279719E5CA640011EE52 /* Project object */ = {
			isa = PBXProject;
			attributes = {
				CLASSPREFIX = UBA;
				LastUpgradeCheck = 0510;
				ORGANIZATIONNAME = "UBA Tech";
				TargetAttributes = {
					991B27C219E5CA640011EE52 = {
						TestTargetID = 991B279E19E5CA640011EE52;
					};
				};
			};
			buildConfigurationList = 991B279A19E5CA640011EE52 /* Build configuration list for PBXProject "MatchedUp" */;
			compatibilityVersion = "Xcode 3.2";
			developmentRegion = English;
			hasScannedForEncodings = 0;
			knownRegions = (
				en,
				Base,
			);
			mainGroup = 991B279619E5CA640011EE52;
			productRefGroup = 991B27A019E5CA640011EE52 /* Products */;
			projectDirPath = "";
			projectRoot = "";
			targets = (
				991B279E19E5CA640011EE52 /* MatchedUp */,
				991B27C219E5CA640011EE52 /* MatchedUpTests */,
			);
		};
/* End PBXProject section */

/* Begin PBXResourcesBuildPhase section */
		991B279D19E5CA640011EE52 /* Resources */ = {
			isa = PBXResourcesBuildPhase;
			buildActionMask = 2147483647;
			files = (
				991B27BE19E5CA640011EE52 /* Images.xcassets in Resources */,
				991B27AD19E5CA640011EE52 /* InfoPlist.strings in Resources */,
				991B27B619E5CA640011EE52 /* Main.storyboard in Resources */,
			);
			runOnlyForDeploymentPostprocessing = 0;
		};
		991B27C119E5CA640011EE52 /* Resources */ = {
			isa = PBXResourcesBuildPhase;
			buildActionMask = 2147483647;
			files = (
				991B27CF19E5CA640011EE52 /* InfoPlist.strings in Resources */,
			);
			runOnlyForDeploymentPostprocessing = 0;
		};
/* End PBXResourcesBuildPhase section */

/* Begin PBXSourcesBuildPhase section */
		991B279B19E5CA640011EE52 /* Sources */ = {
			isa = PBXSourcesBuildPhase;
			buildActionMask = 2147483647;
			files = (
				991B27AF19E5CA640011EE52 /* main.m in Sources */,
				991B27B319E5CA640011EE52 /* UBAAppDelegate.m in Sources */,
				991B27B919E5CA640011EE52 /* UBAFirstViewController.m in Sources */,
				991B27BC19E5CA640011EE52 /* UBASecondViewController.m in Sources */,
			);
			runOnlyForDeploymentPostprocessing = 0;
		};
		991B27BF19E5CA640011EE52 /* Sources */ = {
			isa = PBXSourcesBuildPhase;
			buildActionMask = 2147483647;
			files = (
				991B27D119E5CA640011EE52 /* MatchedUpTests.m in Sources */,
			);
			runOnlyForDeploymentPostprocessing = 0;
		};
/* End PBXSourcesBuildPhase section */

/* Begin PBXTargetDependency section */
		991B27C919E5CA640011EE52 /* PBXTargetDependency */ = {
			isa = PBXTargetDependency;
			target = 991B279E19E5CA640011EE52 /* MatchedUp */;
			targetProxy = 991B27C819E5CA640011EE52 /* PBXContainerItemProxy */;
		};
/* End PBXTargetDependency section */

/* Begin PBXVariantGroup section */
		991B27AB19E5CA640011EE52 /* InfoPlist.strings */ = {
			isa = PBXVariantGroup;
			children = (
				991B27AC19E5CA640011EE52 /* en */,
			);
			name = InfoPlist.strings;
			sourceTree = "<group>";
		};
		991B27B419E5CA640011EE52 /* Main.storyboard */ = {
			isa = PBXVariantGroup;
			children = (
				991B27B519E5CA640011EE52 /* Base */,
			);
			name = Main.storyboard;
			sourceTree = "<group>";
		};
		991B27CD19E5CA640011EE52 /* InfoPlist.strings */ = {
			isa = PBXVariantGroup;
			children = (
				991B27CE19E5CA640011EE52 /* en */,
			);
			name = InfoPlist.strings;
			sourceTree = "<group>";
		};
/* End PBXVariantGroup section */

/* Begin XCBuildConfiguration section */
		991B27D219E5CA640011EE52 /* Debug */ = {
			isa = XCBuildConfiguration;
			buildSettings = {
				ALWAYS_SEARCH_USER_PATHS = NO;
				CLANG_CXX_LANGUAGE_STANDARD = "gnu++0x";
				CLANG_CXX_LIBRARY = "libc++";
				CLANG_ENABLE_MODULES = YES;
				CLANG_ENABLE_OBJC_ARC = YES;
				CLANG_WARN_BOOL_CONVERSION = YES;
				CLANG_WARN_CONSTANT_CONVERSION = YES;
				CLANG_WARN_DIRECT_OBJC_ISA_USAGE = YES_ERROR;
				CLANG_WARN_EMPTY_BODY = YES;
				CLANG_WARN_ENUM_CONVERSION = YES;
				CLANG_WARN_INT_CONVERSION = YES;
				CLANG_WARN_OBJC_ROOT_CLASS = YES_ERROR;
				CLANG_WARN__DUPLICATE_METHOD_MATCH = YES;
				"CODE_SIGN_IDENTITY[sdk=iphoneos*]" = "iPhone Developer";
				COPY_PHASE_STRIP = NO;
				GCC_C_LANGUAGE_STANDARD = gnu99;
				GCC_DYNAMIC_NO_PIC = NO;
				GCC_OPTIMIZATION_LEVEL = 0;
				GCC_PREPROCESSOR_DEFINITIONS = (
					"DEBUG=1",
					"$(inherited)",
				);
				GCC_SYMBOLS_PRIVATE_EXTERN = NO;
				GCC_WARN_64_TO_32_BIT_CONVERSION = YES;
				GCC_WARN_ABOUT_RETURN_TYPE = YES_ERROR;
				GCC_WARN_UNDECLARED_SELECTOR = YES;
				GCC_WARN_UNINITIALIZED_AUTOS = YES_AGGRESSIVE;
				GCC_WARN_UNUSED_FUNCTION = YES;
				GCC_WARN_UNUSED_VARIABLE = YES;
				IPHONEOS_DEPLOYMENT_TARGET = 7.1;
				ONLY_ACTIVE_ARCH = YES;
				SDKROOT = iphoneos;
			};
			name = Debug;
		};
		991B27D319E5CA640011EE52 /* Release */ = {
			isa = XCBuildConfiguration;
			buildSettings = {
				ALWAYS_SEARCH_USER_PATHS = NO;
				CLANG_CXX_LANGUAGE_STANDARD = "gnu++0x";
				CLANG_CXX_LIBRARY = "libc++";
				CLANG_ENABLE_MODULES = YES;
				CLANG_ENABLE_OBJC_ARC = YES;
				CLANG_WARN_BOOL_CONVERSION = YES;
				CLANG_WARN_CONSTANT_CONVERSION = YES;
				CLANG_WARN_DIRECT_OBJC_ISA_USAGE = YES_ERROR;
				CLANG_WARN_EMPTY_BODY = YES;
				CLANG_WARN_ENUM_CONVERSION = YES;
				CLANG_WARN_INT_CONVERSION = YES;
				CLANG_WARN_OBJC_ROOT_CLASS = YES_ERROR;
				CLANG_WARN__DUPLICATE_METHOD_MATCH = YES;
				"CODE_SIGN_IDENTITY[sdk=iphoneos*]" = "iPhone Developer";
				COPY_PHASE_STRIP = YES;
				ENABLE_NS_ASSERTIONS = NO;
				GCC_C_LANGUAGE_STANDARD = gnu99;
				GCC_WARN_64_TO_32_BIT_CONVERSION = YES;
				GCC_WARN_ABOUT_RETURN_TYPE = YES_ERROR;
				GCC_WARN_UNDECLARED_SELECTOR = YES;
				GCC_WARN_UNINITIALIZED_AUTOS = YES_AGGRESSIVE;
				GCC_WARN_UNUSED_FUNCTION = YES;
				GCC_WARN_UNUSED_VARIABLE = YES;
				IPHONEOS_DEPLOYMENT_TARGET = 7.1;
				SDKROOT = iphoneos;
				VALIDATE_PRODUCT = YES;
			};
			name = Release;
		};
		991B27D519E5CA640011EE52 /* Debug */ = {
			isa = XCBuildConfiguration;
			buildSettings = {
				ASSETCATALOG_COMPILER_APPICON_NAME = AppIcon;
				ASSETCATALOG_COMPILER_LAUNCHIMAGE_NAME = LaunchImage;
				GCC_PRECOMPILE_PREFIX_HEADER = YES;
				GCC_PREFIX_HEADER = "MatchedUp/MatchedUp-Prefix.pch";
				INFOPLIST_FILE = "MatchedUp/MatchedUp-Info.plist";
				PRODUCT_NAME = "$(TARGET_NAME)";
				WRAPPER_EXTENSION = app;
			};
			name = Debug;
		};
		991B27D619E5CA640011EE52 /* Release */ = {
			isa = XCBuildConfiguration;
			buildSettings = {
				ASSETCATALOG_COMPILER_APPICON_NAME = AppIcon;
				ASSETCATALOG_COMPILER_LAUNCHIMAGE_NAME = LaunchImage;
				GCC_PRECOMPILE_PREFIX_HEADER = YES;
				GCC_PREFIX_HEADER = "MatchedUp/MatchedUp-Prefix.pch";
				INFOPLIST_FILE = "MatchedUp/MatchedUp-Info.plist";
				PRODUCT_NAME = "$(TARGET_NAME)";
				WRAPPER_EXTENSION = app;
			};
			name = Release;
		};
		991B27D819E5CA640011EE52 /* Debug */ = {
			isa = XCBuildConfiguration;
			buildSettings = {
				BUNDLE_LOADER = "$(BUILT_PRODUCTS_DIR)/MatchedUp.app/MatchedUp";
				FRAMEWORK_SEARCH_PATHS = (
					"$(SDKROOT)/Developer/Library/Frameworks",
					"$(inherited)",
					"$(DEVELOPER_FRAMEWORKS_DIR)",
				);
				GCC_PRECOMPILE_PREFIX_HEADER = YES;
				GCC_PREFIX_HEADER = "MatchedUp/MatchedUp-Prefix.pch";
				GCC_PREPROCESSOR_DEFINITIONS = (
					"DEBUG=1",
					"$(inherited)",
				);
				INFOPLIST_FILE = "MatchedUpTests/MatchedUpTests-Info.plist";
				PRODUCT_NAME = "$(TARGET_NAME)";
				TEST_HOST = "$(BUNDLE_LOADER)";
				WRAPPER_EXTENSION = xctest;
			};
			name = Debug;
		};
		991B27D919E5CA640011EE52 /* Release */ = {
			isa = XCBuildConfiguration;
			buildSettings = {
				BUNDLE_LOADER = "$(BUILT_PRODUCTS_DIR)/MatchedUp.app/MatchedUp";
				FRAMEWORK_SEARCH_PATHS = (
					"$(SDKROOT)/Developer/Library/Frameworks",
					"$(inherited)",
					"$(DEVELOPER_FRAMEWORKS_DIR)",
				);
				GCC_PRECOMPILE_PREFIX_HEADER = YES;
				GCC_PREFIX_HEADER = "MatchedUp/MatchedUp-Prefix.pch";
				INFOPLIST_FILE = "MatchedUpTests/MatchedUpTests-Info.plist";
				PRODUCT_NAME = "$(TARGET_NAME)";
				TEST_HOST = "$(BUNDLE_LOADER)";
				WRAPPER_EXTENSION = xctest;
			};
			name = Release;
		};
/* End XCBuildConfiguration section */

/* Begin XCConfigurationList section */
		991B279A19E5CA640011EE52 /* Build configuration list for PBXProject "MatchedUp" */ = {
			isa = XCConfigurationList;
			buildConfigurations = (
				991B27D219E5CA640011EE52 /* Debug */,
				991B27D319E5CA640011EE52 /* Release */,
			);
			defaultConfigurationIsVisible = 0;
			defaultConfigurationName = Release;
		};
		991B27D419E5CA640011EE52 /* Build configuration list for PBXNativeTarget "MatchedUp" */ = {
			isa = XCConfigurationList;
			buildConfigurations = (
				991B27D519E5CA640011EE52 /* Debug */,
				991B27D619E5CA640011EE52 /* Release */,
			);
			defaultConfigurationIsVisible = 0;
		};
		991B27D719E5CA640011EE52 /* Build configuration list for PBXNativeTarget "MatchedUpTests" */ = {
			isa = XCConfigurationList;
			buildConfigurations = (
				991B27D819E5CA640011EE52 /* Debug */,
				991B27D919E5CA640011EE52 /* Release */,
			);
			defaultConfigurationIsVisible = 0;
		};
/* End XCConfigurationList section */
	};
	rootObject = 991B279719E5CA640011EE52 /* Project object */;
}
